
Microsoft Visual Studio Solution File, Format Version 12.00
# Visual Studio Version 17
VisualStudioVersion = 17.10.35122.118
MinimumVisualStudioVersion = 10.0.40219.1
Project("{888888A0-9F3D-457C-B088-3A5042F75D52}") = "Sales", "Sales\Sales.pyproj", "{93298F97-64B7-484D-98EB-F317BA13D381}"
EndProject
Global
	GlobalSection(SolutionConfigurationPlatforms) = preSolution
		Debug|Any CPU = Debug|Any CPU
		Release|Any CPU = Release|Any CPU
	EndGlobalSection
	GlobalSection(ProjectConfigurationPlatforms) = postSolution
		{93298F97-64B7-484D-98EB-F317BA13D381}.Debug|Any CPU.ActiveCfg = Debug|Any CPU
		{93298F97-64B7-484D-98EB-F317BA13D381}.Release|Any CPU.ActiveCfg = Release|Any CPU
	EndGlobalSection
	GlobalSection(SolutionProperties) = preSolution
		HideSolutionNode = FALSE
	EndGlobalSection
	GlobalSection(ExtensibilityGlobals) = postSolution
		SolutionGuid = {9A99E110-7DB0-41C8-A3E5-590B52C9B3E2}
	EndGlobalSection
EndGlobal
